<?xml version="1.0" encoding="utf-8"?>
<Project ToolsVersion="4.0" xmlns="http://schemas.microsoft.com/developer/msbuild/2003">
  <ItemGroup>
    <Filter Include="Form Files">
      <UniqueIdentifier>{99349809-55BA-4b9d-BF79-8FDBB0286EB3}</UniqueIdentifier>
      <Extensions>ui</Extensions>
      <ParseFiles>false</ParseFiles>
    </Filter>
    <Filter Include="Form Files">
      <UniqueIdentifier>{99349809-55BA-4b9d-BF79-8FDBB0286EB3}</UniqueIdentifier>
      <Extensions>ui</Extensions>
      <ParseFiles>false</ParseFiles>
    </Filter>
    <Filter Include="Generated Files">
      <UniqueIdentifier>{71ED8ED8-ACB9-4CE9-BBE1-E00B30144E11}</UniqueIdentifier>
      <Extensions>cpp;c;cxx;moc;h;def;odl;idl;res;</Extensions>
    </Filter>
    <Filter Include="Generated Files">
      <UniqueIdentifier>{71ED8ED8-ACB9-4CE9-BBE1-E00B30144E11}</UniqueIdentifier>
      <Extensions>cpp;c;cxx;moc;h;def;odl;idl;res;</Extensions>
    </Filter>
    <Filter Include="Header Files">
      <UniqueIdentifier>{93995380-89BD-4b04-88EB-625FBE52EBFB}</UniqueIdentifier>
      <Extensions>h;hpp;hxx;hm;inl;inc;xsd</Extensions>
    </Filter>
    <Filter Include="Header Files">
      <UniqueIdentifier>{93995380-89BD-4b04-88EB-625FBE52EBFB}</UniqueIdentifier>
      <Extensions>h;hpp;hxx;hm;inl;inc;xsd</Extensions>
    </Filter>
    <Filter Include="Resource Files">
      <UniqueIdentifier>{D9D6E242-F8AF-46E4-B9FD-80ECBC20BA3E}</UniqueIdentifier>
      <Extensions>qrc;*</Extensions>
      <ParseFiles>false</ParseFiles>
    </Filter>
    <Filter Include="Resource Files">
      <UniqueIdentifier>{D9D6E242-F8AF-46E4-B9FD-80ECBC20BA3E}</UniqueIdentifier>
      <Extensions>qrc;*</Extensions>
      <ParseFiles>false</ParseFiles>
    </Filter>
    <Filter Include="Source Files">
      <UniqueIdentifier>{4FC737F1-C7A5-4376-A066-2A32D752A2FF}</UniqueIdentifier>
      <Extensions>cpp;c;cxx;def;odl;idl;hpj;bat;asm;asmx</Extensions>
    </Filter>
    <Filter Include="Source Files">
      <UniqueIdentifier>{4FC737F1-C7A5-4376-A066-2A32D752A2FF}</UniqueIdentifier>
      <Extensions>cpp;c;cxx;def;odl;idl;hpj;bat;asm;asmx</Extensions>
    </Filter>
  </ItemGroup>
  <ItemGroup>
    <ClCompile Include="QLogger.cpp">
      <Filter>Source Files</Filter>
    </ClCompile>
    <ClCompile Include="apponssetting.cpp">
      <Filter>Source Files</Filter>
    </ClCompile>
    <ClCompile Include="digitalclock.cpp">
      <Filter>Source Files</Filter>
    </ClCompile>
    <ClCompile Include="dtcontrol.cpp">
      <Filter>Source Files</Filter>
    </ClCompile>
    <ClCompile Include="filestoreserver.cpp">
      <Filter>Source Files</Filter>
    </ClCompile>
    <ClCompile Include="main.cpp">
      <Filter>Source Files</Filter>
    </ClCompile>
    <ClCompile Include="mainwindow.cpp">
      <Filter>Source Files</Filter>
    </ClCompile>
    <ClCompile Include="pixelorderconverter.cpp">
      <Filter>Source Files</Filter>
    </ClCompile>
    <ClCompile Include="plotwidget.cpp">
      <Filter>Source Files</Filter>
    </ClCompile>
    <ClCompile Include="qcustomplot.cpp">
      <Filter>Source Files</Filter>
    </ClCompile>
    <ClCompile Include="settingdialog.cpp">
      <Filter>Source Files</Filter>
    </ClCompile>
    <ClCompile Include="view.cpp">
      <Filter>Source Files</Filter>
    </ClCompile>
  </ItemGroup>
  <ItemGroup>
    <CustomBuild Include="QLogger.h">
      <Filter>Header Files</Filter>
    </CustomBuild>
    <CustomBuild Include="apponssetting.h">
      <Filter>Header Files</Filter>
    </CustomBuild>
    <CustomBuild Include="digitalclock.h">
      <Filter>Header Files</Filter>
    </CustomBuild>
    <ClInclude Include="dtcontrol.h">
      <Filter>Header Files</Filter>
    </ClInclude>
    <CustomBuild Include="filestoreserver.h">
      <Filter>Header Files</Filter>
    </CustomBuild>
    <CustomBuild Include="mainwindow.h">
      <Filter>Header Files</Filter>
    </CustomBuild>
    <ClInclude Include="pixelorderconverter.h">
      <Filter>Header Files</Filter>
    </ClInclude>
    <CustomBuild Include="plotwidget.h">
      <Filter>Header Files</Filter>
    </CustomBuild>
    <CustomBuild Include="qcustomplot.h">
      <Filter>Header Files</Filter>
    </CustomBuild>
    <CustomBuild Include="settingdialog.h">
      <Filter>Header Files</Filter>
    </CustomBuild>
    <CustomBuild Include="view.h">
      <Filter>Header Files</Filter>
    </CustomBuild>
  </ItemGroup>
  <ItemGroup>
    <ClCompile Include="debug\moc_QLogger.cpp">
      <Filter>Generated Files</Filter>
    </ClCompile>
    <ClCompile Include="release\moc_QLogger.cpp">
      <Filter>Generated Files</Filter>
    </ClCompile>
    <ClCompile Include="debug\moc_apponssetting.cpp">
      <Filter>Generated Files</Filter>
    </ClCompile>
    <ClCompile Include="release\moc_apponssetting.cpp">
      <Filter>Generated Files</Filter>
    </ClCompile>
    <ClCompile Include="debug\moc_digitalclock.cpp">
      <Filter>Generated Files</Filter>
    </ClCompile>
    <ClCompile Include="release\moc_digitalclock.cpp">
      <Filter>Generated Files</Filter>
    </ClCompile>
    <ClCompile Include="debug\moc_filestoreserver.cpp">
      <Filter>Generated Files</Filter>
    </ClCompile>
    <ClCompile Include="release\moc_filestoreserver.cpp">
      <Filter>Generated Files</Filter>
    </ClCompile>
    <ClCompile Include="debug\moc_mainwindow.cpp">
      <Filter>Generated Files</Filter>
    </ClCompile>
    <ClCompile Include="release\moc_mainwindow.cpp">
      <Filter>Generated Files</Filter>
    </ClCompile>
    <ClCompile Include="debug\moc_plotwidget.cpp">
      <Filter>Generated Files</Filter>
    </ClCompile>
    <ClCompile Include="release\moc_plotwidget.cpp">
      <Filter>Generated Files</Filter>
    </ClCompile>
    <ClCompile Include="debug\moc_qcustomplot.cpp">
      <Filter>Generated Files</Filter>
    </ClCompile>
    <ClCompile Include="release\moc_qcustomplot.cpp">
      <Filter>Generated Files</Filter>
    </ClCompile>
    <ClCompile Include="debug\moc_settingdialog.cpp">
      <Filter>Generated Files</Filter>
    </ClCompile>
    <ClCompile Include="release\moc_settingdialog.cpp">
      <Filter>Generated Files</Filter>
    </ClCompile>
    <ClCompile Include="debug\moc_view.cpp">
      <Filter>Generated Files</Filter>
    </ClCompile>
    <ClCompile Include="release\moc_view.cpp">
      <Filter>Generated Files</Filter>
    </ClCompile>
    <ClCompile Include="debug\qrc_Appons.cpp">
      <Filter>Generated Files</Filter>
    </ClCompile>
    <ClCompile Include="release\qrc_Appons.cpp">
      <Filter>Generated Files</Filter>
    </ClCompile>
    <ClInclude Include="ui_aboutDlg.h">
      <Filter>Generated Files</Filter>
    </ClInclude>
    <ClInclude Include="ui_plotwidget.h">
      <Filter>Generated Files</Filter>
    </ClInclude>
    <ClInclude Include="ui_settingdialog.h">
      <Filter>Generated Files</Filter>
    </ClInclude>
  </ItemGroup>
  <ItemGroup>
    <CustomBuild Include="aboutDlg.ui">
      <Filter>Form Files</Filter>
    </CustomBuild>
    <CustomBuild Include="plotwidget.ui">
      <Filter>Form Files</Filter>
    </CustomBuild>
    <CustomBuild Include="settingdialog.ui">
      <Filter>Form Files</Filter>
    </CustomBuild>
  </ItemGroup>
  <ItemGroup>
    <None Include="32.ico">
      <Filter>Resource Files</Filter>
    </None>
    <CustomBuild Include="Appons.qrc">
      <Filter>Resource Files</Filter>
    </CustomBuild>
    <None Include="res\ApponsView64.ico">
      <Filter>Resource Files</Filter>
    </None>
    <None Include="res\ApponsView">
      <Filter>Resource Files</Filter>
    </None>
    <None Include="res\DE.ico">
      <Filter>Resource Files</Filter>
    </None>
    <None Include="res\IMG_BACK.bmp">
      <Filter>Resource Files</Filter>
    </None>
    <None Include="Icon">
      <Filter>Resource Files</Filter>
    </None>
    <None Include="res\about-logo-grey.png">
      <Filter>Resource Files</Filter>
    </None>
    <None Include="res\about-logo.png">
      <Filter>Resource Files</Filter>
    </None>
    <None Include="res\autoContrast.ico">
      <Filter>Resource Files</Filter>
    </None>
    <None Include="res\background-3.bmp">
      <Filter>Resource Files</Filter>
    </None>
    <None Include="res\background.bmp">
      <Filter>Resource Files</Filter>
    </None>
    <None Include="res\calibraition.jpg">
      <Filter>Resource Files</Filter>
    </None>
    <None Include="res\contrast.ico">
      <Filter>Resource Files</Filter>
    </None>
    <None Include="res\dm-web.png">
      <Filter>Resource Files</Filter>
    </None>
    <None Include="res\down.ico">
      <Filter>Resource Files</Filter>
    </None>
    <None Include="res\dualScan.ico">
      <Filter>Resource Files</Filter>
    </None>
    <None Include="res\exit.ico">
      <Filter>Resource Files</Filter>
    </None>
    <None Include="res\fakeColor.ico">
      <Filter>Resource Files</Filter>
    </None>
    <None Include="res\grayScale.ico">
      <Filter>Resource Files</Filter>
    </None>
    <None Include="res\gun.ico">
      <Filter>Resource Files</Filter>
    </None>
    <None Include="res\invert.ico">
      <Filter>Resource Files</Filter>
    </None>
    <None Include="res\move.ico">
      <Filter>Resource Files</Filter>
    </None>
    <None Include="res\open.ico">
      <Filter>Resource Files</Filter>
    </None>
    <None Include="res\plot.jpg">
      <Filter>Resource Files</Filter>
    </None>
    <None Include="res\rotate.ico">
      <Filter>Resource Files</Filter>
    </None>
    <None Include="res\save.ico">
      <Filter>Resource Files</Filter>
    </None>
    <None Include="res\setting.ico">
      <Filter>Resource Files</Filter>
    </None>
    <None Include="res\singleScan.ico">
      <Filter>Resource Files</Filter>
    </None>
    <None Include="res\up.ico">
      <Filter>Resource Files</Filter>
    </None>
    <None Include="res\zoomIn.ico">
      <Filter>Resource Files</Filter>
    </None>
  </ItemGroup>
  <ItemGroup />
</Project>